
Microsoft Visual Studio Solution File, Format Version 12.00
# Visual Studio Version 17
VisualStudioVersion = 17.11.35222.181
MinimumVisualStudioVersion = 10.0.40219.1
Project("{2150E333-8FDC-42A3-9474-1A3956D46DE8}") = "Task0", "Task0", "{DDC42720-4513-4883-8423-D51EC07377CE}"
EndProject
Project("{FAE04EC0-301F-11D3-BF4B-00C04F79EFBC}") = "Tyuiu.DonskoiIA.Sprint2.Task0.V20", "Tyuiu.DonskoiIA.Sprint2.Task0.V20\Tyuiu.DonskoiIA.Sprint2.Task0.V20.csproj", "{0F6CBA32-42ED-4B91-8472-863E962D32CC}"
EndProject
Project("{FAE04EC0-301F-11D3-BF4B-00C04F79EFBC}") = "Tyuiu.DonskoiIA.Sprint2.Task0.V20.Lib", "Tyuiu.DonskoiIA.Sprint2.Task0.V20.Lib\Tyuiu.DonskoiIA.Sprint2.Task0.V20.Lib.csproj", "{722875EC-3B34-48B6-97C8-4DFC6113231E}"
EndProject
Project("{FAE04EC0-301F-11D3-BF4B-00C04F79EFBC}") = "Tyuiu.DonskoiIA.Sprint2.Task0.V20.Test", "Tyuiu.DonskoiIA.Sprint2.Task0.V20.Test\Tyuiu.DonskoiIA.Sprint2.Task0.V20.Test.csproj", "{9AE9703F-3340-4E99-9089-0ABD1258DDDB}"
EndProject
Project("{2150E333-8FDC-42A3-9474-1A3956D46DE8}") = "Task1", "Task1", "{3A075FD4-7BA0-490D-91A1-6F5A214C2033}"
EndProject
Project("{FAE04EC0-301F-11D3-BF4B-00C04F79EFBC}") = "Tyuiu.DonskoiIA.Sprint2.Task1.V13", "Tyuiu.DonskoiIA.Sprint2.Task1.V13\Tyuiu.DonskoiIA.Sprint2.Task1.V13.csproj", "{68B216CB-771D-4C73-80DE-5FBABEC0423B}"
EndProject
Project("{FAE04EC0-301F-11D3-BF4B-00C04F79EFBC}") = "Tyuiu.DonskoiIA.Sprint2.Task1.V13.Lib", "Tyuiu.DonskoiIA.Sprint2.Task1.V13.Lib\Tyuiu.DonskoiIA.Sprint2.Task1.V13.Lib.csproj", "{081D57EB-E1D0-4C49-856E-88E7F870B346}"
EndProject
Project("{FAE04EC0-301F-11D3-BF4B-00C04F79EFBC}") = "Tyuiu.DonskoiIA.Sprint2.Task1.V13.Test", "Tyuiu.DonskoiIA.Sprint2.Task1.V13.Test\Tyuiu.DonskoiIA.Sprint2.Task1.V13.Test.csproj", "{FA49AACC-8D5E-4B11-9E27-FA40BFE77CBE}"
EndProject
Project("{2150E333-8FDC-42A3-9474-1A3956D46DE8}") = "Task2", "Task2", "{15901E3D-971A-469E-BA95-6D231AFCB425}"
EndProject
Project("{FAE04EC0-301F-11D3-BF4B-00C04F79EFBC}") = "Tyuiu.DonskoiIA.Sprint2.Task2.V12", "Tyuiu.DonskoiIA.Sprint2.Task2.V12\Tyuiu.DonskoiIA.Sprint2.Task2.V12.csproj", "{71A9D609-BEDC-4A91-A504-10FE9BF22CD2}"
EndProject
Project("{FAE04EC0-301F-11D3-BF4B-00C04F79EFBC}") = "Tyuiu.DonskoiIA.Sprint2.Task2.V12.Lib", "Tyuiu.DonskoiIA.Sprint2.Task2.V12.Lib\Tyuiu.DonskoiIA.Sprint2.Task2.V12.Lib.csproj", "{BDC06D16-6AD5-4C63-8493-B5F23D7D011F}"
EndProject
Project("{FAE04EC0-301F-11D3-BF4B-00C04F79EFBC}") = "Tyuiu.DonskoiIA.Sprint2.Task2.V12.Test", "Tyuiu.DonskoiIA.Sprint2.Task2.V12.Test\Tyuiu.DonskoiIA.Sprint2.Task2.V12.Test.csproj", "{143D62CD-86A7-4DCB-8E3C-31335CC3D0DE}"
EndProject
Global
	GlobalSection(SolutionConfigurationPlatforms) = preSolution
		Debug|Any CPU = Debug|Any CPU
		Release|Any CPU = Release|Any CPU
	EndGlobalSection
	GlobalSection(ProjectConfigurationPlatforms) = postSolution
		{0F6CBA32-42ED-4B91-8472-863E962D32CC}.Debug|Any CPU.ActiveCfg = Debug|Any CPU
		{0F6CBA32-42ED-4B91-8472-863E962D32CC}.Debug|Any CPU.Build.0 = Debug|Any CPU
		{0F6CBA32-42ED-4B91-8472-863E962D32CC}.Release|Any CPU.ActiveCfg = Release|Any CPU
		{0F6CBA32-42ED-4B91-8472-863E962D32CC}.Release|Any CPU.Build.0 = Release|Any CPU
		{722875EC-3B34-48B6-97C8-4DFC6113231E}.Debug|Any CPU.ActiveCfg = Debug|Any CPU
		{722875EC-3B34-48B6-97C8-4DFC6113231E}.Debug|Any CPU.Build.0 = Debug|Any CPU
		{722875EC-3B34-48B6-97C8-4DFC6113231E}.Release|Any CPU.ActiveCfg = Release|Any CPU
		{722875EC-3B34-48B6-97C8-4DFC6113231E}.Release|Any CPU.Build.0 = Release|Any CPU
		{9AE9703F-3340-4E99-9089-0ABD1258DDDB}.Debug|Any CPU.ActiveCfg = Debug|Any CPU
		{9AE9703F-3340-4E99-9089-0ABD1258DDDB}.Debug|Any CPU.Build.0 = Debug|Any CPU
		{9AE9703F-3340-4E99-9089-0ABD1258DDDB}.Release|Any CPU.ActiveCfg = Release|Any CPU
		{9AE9703F-3340-4E99-9089-0ABD1258DDDB}.Release|Any CPU.Build.0 = Release|Any CPU
		{68B216CB-771D-4C73-80DE-5FBABEC0423B}.Debug|Any CPU.ActiveCfg = Debug|Any CPU
		{68B216CB-771D-4C73-80DE-5FBABEC0423B}.Debug|Any CPU.Build.0 = Debug|Any CPU
		{68B216CB-771D-4C73-80DE-5FBABEC0423B}.Release|Any CPU.ActiveCfg = Release|Any CPU
		{68B216CB-771D-4C73-80DE-5FBABEC0423B}.Release|Any CPU.Build.0 = Release|Any CPU
		{081D57EB-E1D0-4C49-856E-88E7F870B346}.Debug|Any CPU.ActiveCfg = Debug|Any CPU
		{081D57EB-E1D0-4C49-856E-88E7F870B346}.Debug|Any CPU.Build.0 = Debug|Any CPU
		{081D57EB-E1D0-4C49-856E-88E7F870B346}.Release|Any CPU.ActiveCfg = Release|Any CPU
		{081D57EB-E1D0-4C49-856E-88E7F870B346}.Release|Any CPU.Build.0 = Release|Any CPU
		{FA49AACC-8D5E-4B11-9E27-FA40BFE77CBE}.Debug|Any CPU.ActiveCfg = Debug|Any CPU
		{FA49AACC-8D5E-4B11-9E27-FA40BFE77CBE}.Debug|Any CPU.Build.0 = Debug|Any CPU
		{FA49AACC-8D5E-4B11-9E27-FA40BFE77CBE}.Release|Any CPU.ActiveCfg = Release|Any CPU
		{FA49AACC-8D5E-4B11-9E27-FA40BFE77CBE}.Release|Any CPU.Build.0 = Release|Any CPU
		{71A9D609-BEDC-4A91-A504-10FE9BF22CD2}.Debug|Any CPU.ActiveCfg = Debug|Any CPU
		{71A9D609-BEDC-4A91-A504-10FE9BF22CD2}.Debug|Any CPU.Build.0 = Debug|Any CPU
		{71A9D609-BEDC-4A91-A504-10FE9BF22CD2}.Release|Any CPU.ActiveCfg = Release|Any CPU
		{71A9D609-BEDC-4A91-A504-10FE9BF22CD2}.Release|Any CPU.Build.0 = Release|Any CPU
		{BDC06D16-6AD5-4C63-8493-B5F23D7D011F}.Debug|Any CPU.ActiveCfg = Debug|Any CPU
		{BDC06D16-6AD5-4C63-8493-B5F23D7D011F}.Debug|Any CPU.Build.0 = Debug|Any CPU
		{BDC06D16-6AD5-4C63-8493-B5F23D7D011F}.Release|Any CPU.ActiveCfg = Release|Any CPU
		{BDC06D16-6AD5-4C63-8493-B5F23D7D011F}.Release|Any CPU.Build.0 = Release|Any CPU
		{143D62CD-86A7-4DCB-8E3C-31335CC3D0DE}.Debug|Any CPU.ActiveCfg = Debug|Any CPU
		{143D62CD-86A7-4DCB-8E3C-31335CC3D0DE}.Debug|Any CPU.Build.0 = Debug|Any CPU
		{143D62CD-86A7-4DCB-8E3C-31335CC3D0DE}.Release|Any CPU.ActiveCfg = Release|Any CPU
		{143D62CD-86A7-4DCB-8E3C-31335CC3D0DE}.Release|Any CPU.Build.0 = Release|Any CPU
	EndGlobalSection
	GlobalSection(SolutionProperties) = preSolution
		HideSolutionNode = FALSE
	EndGlobalSection
	GlobalSection(NestedProjects) = preSolution
		{0F6CBA32-42ED-4B91-8472-863E962D32CC} = {DDC42720-4513-4883-8423-D51EC07377CE}
		{722875EC-3B34-48B6-97C8-4DFC6113231E} = {DDC42720-4513-4883-8423-D51EC07377CE}
		{9AE9703F-3340-4E99-9089-0ABD1258DDDB} = {DDC42720-4513-4883-8423-D51EC07377CE}
		{68B216CB-771D-4C73-80DE-5FBABEC0423B} = {3A075FD4-7BA0-490D-91A1-6F5A214C2033}
		{081D57EB-E1D0-4C49-856E-88E7F870B346} = {3A075FD4-7BA0-490D-91A1-6F5A214C2033}
		{FA49AACC-8D5E-4B11-9E27-FA40BFE77CBE} = {3A075FD4-7BA0-490D-91A1-6F5A214C2033}
		{71A9D609-BEDC-4A91-A504-10FE9BF22CD2} = {15901E3D-971A-469E-BA95-6D231AFCB425}
		{BDC06D16-6AD5-4C63-8493-B5F23D7D011F} = {15901E3D-971A-469E-BA95-6D231AFCB425}
		{143D62CD-86A7-4DCB-8E3C-31335CC3D0DE} = {15901E3D-971A-469E-BA95-6D231AFCB425}
	EndGlobalSection
	GlobalSection(ExtensibilityGlobals) = postSolution
		SolutionGuid = {0A348ABD-EDD9-4386-946D-AC73376E9EE9}
	EndGlobalSection
EndGlobal
