
Microsoft Visual Studio Solution File, Format Version 12.00
# Visual Studio Version 17
VisualStudioVersion = 17.11.35222.181
MinimumVisualStudioVersion = 10.0.40219.1
Project("{2150E333-8FDC-42A3-9474-1A3956D46DE8}") = "Task0", "Task0", "{DDC42720-4513-4883-8423-D51EC07377CE}"
EndProject
Project("{FAE04EC0-301F-11D3-BF4B-00C04F79EFBC}") = "Tyuiu.DonskoiIA.Sprint2.Task0.V20", "Tyuiu.DonskoiIA.Sprint2.Task0.V20\Tyuiu.DonskoiIA.Sprint2.Task0.V20.csproj", "{0F6CBA32-42ED-4B91-8472-863E962D32CC}"
EndProject
Project("{FAE04EC0-301F-11D3-BF4B-00C04F79EFBC}") = "Tyuiu.DonskoiIA.Sprint2.Task0.V20.Lib", "Tyuiu.DonskoiIA.Sprint2.Task0.V20.Lib\Tyuiu.DonskoiIA.Sprint2.Task0.V20.Lib.csproj", "{722875EC-3B34-48B6-97C8-4DFC6113231E}"
EndProject
Project("{FAE04EC0-301F-11D3-BF4B-00C04F79EFBC}") = "Tyuiu.DonskoiIA.Sprint2.Task0.V20.Test", "Tyuiu.DonskoiIA.Sprint2.Task0.V20.Test\Tyuiu.DonskoiIA.Sprint2.Task0.V20.Test.csproj", "{9AE9703F-3340-4E99-9089-0ABD1258DDDB}"
EndProject
Project("{2150E333-8FDC-42A3-9474-1A3956D46DE8}") = "Task1", "Task1", "{3A075FD4-7BA0-490D-91A1-6F5A214C2033}"
EndProject
Project("{FAE04EC0-301F-11D3-BF4B-00C04F79EFBC}") = "Tyuiu.DonskoiIA.Sprint2.Task1.V13", "Tyuiu.DonskoiIA.Sprint2.Task1.V13\Tyuiu.DonskoiIA.Sprint2.Task1.V13.csproj", "{68B216CB-771D-4C73-80DE-5FBABEC0423B}"
EndProject
Project("{FAE04EC0-301F-11D3-BF4B-00C04F79EFBC}") = "Tyuiu.DonskoiIA.Sprint2.Task1.V13.Lib", "Tyuiu.DonskoiIA.Sprint2.Task1.V13.Lib\Tyuiu.DonskoiIA.Sprint2.Task1.V13.Lib.csproj", "{081D57EB-E1D0-4C49-856E-88E7F870B346}"
EndProject
Project("{FAE04EC0-301F-11D3-BF4B-00C04F79EFBC}") = "Tyuiu.DonskoiIA.Sprint2.Task1.V13.Test", "Tyuiu.DonskoiIA.Sprint2.Task1.V13.Test\Tyuiu.DonskoiIA.Sprint2.Task1.V13.Test.csproj", "{FA49AACC-8D5E-4B11-9E27-FA40BFE77CBE}"
EndProject
Project("{2150E333-8FDC-42A3-9474-1A3956D46DE8}") = "Task2", "Task2", "{15901E3D-971A-469E-BA95-6D231AFCB425}"
EndProject
Project("{FAE04EC0-301F-11D3-BF4B-00C04F79EFBC}") = "Tyuiu.DonskoiIA.Sprint2.Task2.V12", "Tyuiu.DonskoiIA.Sprint2.Task2.V12\Tyuiu.DonskoiIA.Sprint2.Task2.V12.csproj", "{71A9D609-BEDC-4A91-A504-10FE9BF22CD2}"
EndProject
Project("{FAE04EC0-301F-11D3-BF4B-00C04F79EFBC}") = "Tyuiu.DonskoiIA.Sprint2.Task2.V12.Lib", "Tyuiu.DonskoiIA.Sprint2.Task2.V12.Lib\Tyuiu.DonskoiIA.Sprint2.Task2.V12.Lib.csproj", "{BDC06D16-6AD5-4C63-8493-B5F23D7D011F}"
EndProject
Project("{FAE04EC0-301F-11D3-BF4B-00C04F79EFBC}") = "Tyuiu.DonskoiIA.Sprint2.Task2.V12.Test", "Tyuiu.DonskoiIA.Sprint2.Task2.V12.Test\Tyuiu.DonskoiIA.Sprint2.Task2.V12.Test.csproj", "{143D62CD-86A7-4DCB-8E3C-31335CC3D0DE}"
EndProject
Project("{2150E333-8FDC-42A3-9474-1A3956D46DE8}") = "Task3", "Task3", "{AF178ADD-B449-46FD-BB05-5DF60239B4C1}"
EndProject
Project("{FAE04EC0-301F-11D3-BF4B-00C04F79EFBC}") = "Tyuiu.DonskoiIA.Sprint2.Task3.V4", "Tyuiu.DonskoiIA.Sprint2.Task3.V4\Tyuiu.DonskoiIA.Sprint2.Task3.V4.csproj", "{921D5909-C4B6-4D13-8533-9F829CC00802}"
EndProject
Project("{FAE04EC0-301F-11D3-BF4B-00C04F79EFBC}") = "Tyuiu.DonskoiIA.Sprint2.Task3.V4.Lib", "Tyuiu.DonskoiIA.Sprint2.Task3.V4.Lib\Tyuiu.DonskoiIA.Sprint2.Task3.V4.Lib.csproj", "{03155AF2-9BE3-4A22-8610-47A7F2F5AFFD}"
EndProject
Project("{FAE04EC0-301F-11D3-BF4B-00C04F79EFBC}") = "Tyuiu.DonskoiIA.Sprint2.Task3.V4.Test", "Tyuiu.DonskoiIA.Sprint2.Task3.V4.Test\Tyuiu.DonskoiIA.Sprint2.Task3.V4.Test.csproj", "{A21FEC0B-B290-4792-90CB-DBE6C3450370}"
EndProject
Project("{2150E333-8FDC-42A3-9474-1A3956D46DE8}") = "Task4", "Task4", "{7E62D62E-695D-4A5B-90F9-A5FB7C36CC90}"
EndProject
Project("{FAE04EC0-301F-11D3-BF4B-00C04F79EFBC}") = "Tyuiu.DonskoiIA.Sprint2.Task4.V18", "Tyuiu.DonskoiIA.Sprint2.Task4.V18\Tyuiu.DonskoiIA.Sprint2.Task4.V18.csproj", "{1260D79D-B567-4E46-9029-445F34CB6279}"
EndProject
Project("{FAE04EC0-301F-11D3-BF4B-00C04F79EFBC}") = "Tyuiu.DonskoiIA.Sprint2.Task4.V18.Lib", "Tyuiu.DonskoiIA.Sprint2.Task4.V18.Lib\Tyuiu.DonskoiIA.Sprint2.Task4.V18.Lib.csproj", "{DC3693F8-6F36-4F12-B66E-AB15D1F6C829}"
EndProject
Project("{FAE04EC0-301F-11D3-BF4B-00C04F79EFBC}") = "Tyuiu.DonskoiIA.Sprint2.Task4.V18.Test", "Tyuiu.DonskoiIA.Sprint2.Task4.V18.Test\Tyuiu.DonskoiIA.Sprint2.Task4.V18.Test.csproj", "{B30D1E07-9F11-4F1A-A250-9FFAE65D15C9}"
EndProject
Project("{2150E333-8FDC-42A3-9474-1A3956D46DE8}") = "Task5", "Task5", "{BFD0854B-6878-4DC7-AFA0-A1E2013221D6}"
EndProject
Project("{FAE04EC0-301F-11D3-BF4B-00C04F79EFBC}") = "Tyuiu.DonskoiIA.Sprint2.Task5.V14", "Tyuiu.DonskoiIA.Sprint2.Task5.V14\Tyuiu.DonskoiIA.Sprint2.Task5.V14.csproj", "{6DC13334-D336-4E5B-B1BE-EAE45829187E}"
EndProject
Project("{FAE04EC0-301F-11D3-BF4B-00C04F79EFBC}") = "Tyuiu.DonskoiIA.Sprint2.Task5.V14.Lib", "Tyuiu.DonskoiIA.Sprint2.Task5.V14.Lib\Tyuiu.DonskoiIA.Sprint2.Task5.V14.Lib.csproj", "{FD241E3E-DCC5-4CD3-9B9D-6101D63076F8}"
EndProject
Project("{FAE04EC0-301F-11D3-BF4B-00C04F79EFBC}") = "Tyuiu.DonskoiIA.Sprint2.Task5.V14.Test", "Tyuiu.DonskoiIA.Sprint2.Task5.V14.Test\Tyuiu.DonskoiIA.Sprint2.Task5.V14.Test.csproj", "{982E9EAA-6A39-4E85-85DC-74B2BB9E9668}"
EndProject
Project("{2150E333-8FDC-42A3-9474-1A3956D46DE8}") = "Task6", "Task6", "{8386AA6F-CA3B-4F8E-87D8-D4E43DF9D93F}"
EndProject
Project("{FAE04EC0-301F-11D3-BF4B-00C04F79EFBC}") = "Tyuiu.DonskoiIA.Sprint2.Task6.V14", "Tyuiu.DonskoiIA.Sprint2.Task6.V14\Tyuiu.DonskoiIA.Sprint2.Task6.V14.csproj", "{FF6687D9-FFB8-420E-B3C5-5C0FAD5160E3}"
EndProject
Project("{FAE04EC0-301F-11D3-BF4B-00C04F79EFBC}") = "Tyuiu.DonskoiIA.Sprint2.Task6.V14.Lib", "Tyuiu.DonskoiIA.Sprint2.Task6.V14.Lib\Tyuiu.DonskoiIA.Sprint2.Task6.V14.Lib.csproj", "{2FCA6209-B330-4659-8BF1-6199DE364BF5}"
EndProject
Project("{FAE04EC0-301F-11D3-BF4B-00C04F79EFBC}") = "Tyuiu.DonskoiIA.Sprint2.Task6.V14.Test", "Tyuiu.DonskoiIA.Sprint2.Task6.V14.Test\Tyuiu.DonskoiIA.Sprint2.Task6.V14.Test.csproj", "{E8076178-8BEC-4468-BA74-10BC07D70699}"
EndProject
Global
	GlobalSection(SolutionConfigurationPlatforms) = preSolution
		Debug|Any CPU = Debug|Any CPU
		Release|Any CPU = Release|Any CPU
	EndGlobalSection
	GlobalSection(ProjectConfigurationPlatforms) = postSolution
		{0F6CBA32-42ED-4B91-8472-863E962D32CC}.Debug|Any CPU.ActiveCfg = Debug|Any CPU
		{0F6CBA32-42ED-4B91-8472-863E962D32CC}.Debug|Any CPU.Build.0 = Debug|Any CPU
		{0F6CBA32-42ED-4B91-8472-863E962D32CC}.Release|Any CPU.ActiveCfg = Release|Any CPU
		{0F6CBA32-42ED-4B91-8472-863E962D32CC}.Release|Any CPU.Build.0 = Release|Any CPU
		{722875EC-3B34-48B6-97C8-4DFC6113231E}.Debug|Any CPU.ActiveCfg = Debug|Any CPU
		{722875EC-3B34-48B6-97C8-4DFC6113231E}.Debug|Any CPU.Build.0 = Debug|Any CPU
		{722875EC-3B34-48B6-97C8-4DFC6113231E}.Release|Any CPU.ActiveCfg = Release|Any CPU
		{722875EC-3B34-48B6-97C8-4DFC6113231E}.Release|Any CPU.Build.0 = Release|Any CPU
		{9AE9703F-3340-4E99-9089-0ABD1258DDDB}.Debug|Any CPU.ActiveCfg = Debug|Any CPU
		{9AE9703F-3340-4E99-9089-0ABD1258DDDB}.Debug|Any CPU.Build.0 = Debug|Any CPU
		{9AE9703F-3340-4E99-9089-0ABD1258DDDB}.Release|Any CPU.ActiveCfg = Release|Any CPU
		{9AE9703F-3340-4E99-9089-0ABD1258DDDB}.Release|Any CPU.Build.0 = Release|Any CPU
		{68B216CB-771D-4C73-80DE-5FBABEC0423B}.Debug|Any CPU.ActiveCfg = Debug|Any CPU
		{68B216CB-771D-4C73-80DE-5FBABEC0423B}.Debug|Any CPU.Build.0 = Debug|Any CPU
		{68B216CB-771D-4C73-80DE-5FBABEC0423B}.Release|Any CPU.ActiveCfg = Release|Any CPU
		{68B216CB-771D-4C73-80DE-5FBABEC0423B}.Release|Any CPU.Build.0 = Release|Any CPU
		{081D57EB-E1D0-4C49-856E-88E7F870B346}.Debug|Any CPU.ActiveCfg = Debug|Any CPU
		{081D57EB-E1D0-4C49-856E-88E7F870B346}.Debug|Any CPU.Build.0 = Debug|Any CPU
		{081D57EB-E1D0-4C49-856E-88E7F870B346}.Release|Any CPU.ActiveCfg = Release|Any CPU
		{081D57EB-E1D0-4C49-856E-88E7F870B346}.Release|Any CPU.Build.0 = Release|Any CPU
		{FA49AACC-8D5E-4B11-9E27-FA40BFE77CBE}.Debug|Any CPU.ActiveCfg = Debug|Any CPU
		{FA49AACC-8D5E-4B11-9E27-FA40BFE77CBE}.Debug|Any CPU.Build.0 = Debug|Any CPU
		{FA49AACC-8D5E-4B11-9E27-FA40BFE77CBE}.Release|Any CPU.ActiveCfg = Release|Any CPU
		{FA49AACC-8D5E-4B11-9E27-FA40BFE77CBE}.Release|Any CPU.Build.0 = Release|Any CPU
		{71A9D609-BEDC-4A91-A504-10FE9BF22CD2}.Debug|Any CPU.ActiveCfg = Debug|Any CPU
		{71A9D609-BEDC-4A91-A504-10FE9BF22CD2}.Debug|Any CPU.Build.0 = Debug|Any CPU
		{71A9D609-BEDC-4A91-A504-10FE9BF22CD2}.Release|Any CPU.ActiveCfg = Release|Any CPU
		{71A9D609-BEDC-4A91-A504-10FE9BF22CD2}.Release|Any CPU.Build.0 = Release|Any CPU
		{BDC06D16-6AD5-4C63-8493-B5F23D7D011F}.Debug|Any CPU.ActiveCfg = Debug|Any CPU
		{BDC06D16-6AD5-4C63-8493-B5F23D7D011F}.Debug|Any CPU.Build.0 = Debug|Any CPU
		{BDC06D16-6AD5-4C63-8493-B5F23D7D011F}.Release|Any CPU.ActiveCfg = Release|Any CPU
		{BDC06D16-6AD5-4C63-8493-B5F23D7D011F}.Release|Any CPU.Build.0 = Release|Any CPU
		{143D62CD-86A7-4DCB-8E3C-31335CC3D0DE}.Debug|Any CPU.ActiveCfg = Debug|Any CPU
		{143D62CD-86A7-4DCB-8E3C-31335CC3D0DE}.Debug|Any CPU.Build.0 = Debug|Any CPU
		{143D62CD-86A7-4DCB-8E3C-31335CC3D0DE}.Release|Any CPU.ActiveCfg = Release|Any CPU
		{143D62CD-86A7-4DCB-8E3C-31335CC3D0DE}.Release|Any CPU.Build.0 = Release|Any CPU
		{921D5909-C4B6-4D13-8533-9F829CC00802}.Debug|Any CPU.ActiveCfg = Debug|Any CPU
		{921D5909-C4B6-4D13-8533-9F829CC00802}.Debug|Any CPU.Build.0 = Debug|Any CPU
		{921D5909-C4B6-4D13-8533-9F829CC00802}.Release|Any CPU.ActiveCfg = Release|Any CPU
		{921D5909-C4B6-4D13-8533-9F829CC00802}.Release|Any CPU.Build.0 = Release|Any CPU
		{03155AF2-9BE3-4A22-8610-47A7F2F5AFFD}.Debug|Any CPU.ActiveCfg = Debug|Any CPU
		{03155AF2-9BE3-4A22-8610-47A7F2F5AFFD}.Debug|Any CPU.Build.0 = Debug|Any CPU
		{03155AF2-9BE3-4A22-8610-47A7F2F5AFFD}.Release|Any CPU.ActiveCfg = Release|Any CPU
		{03155AF2-9BE3-4A22-8610-47A7F2F5AFFD}.Release|Any CPU.Build.0 = Release|Any CPU
		{A21FEC0B-B290-4792-90CB-DBE6C3450370}.Debug|Any CPU.ActiveCfg = Debug|Any CPU
		{A21FEC0B-B290-4792-90CB-DBE6C3450370}.Debug|Any CPU.Build.0 = Debug|Any CPU
		{A21FEC0B-B290-4792-90CB-DBE6C3450370}.Release|Any CPU.ActiveCfg = Release|Any CPU
		{A21FEC0B-B290-4792-90CB-DBE6C3450370}.Release|Any CPU.Build.0 = Release|Any CPU
		{1260D79D-B567-4E46-9029-445F34CB6279}.Debug|Any CPU.ActiveCfg = Debug|Any CPU
		{1260D79D-B567-4E46-9029-445F34CB6279}.Debug|Any CPU.Build.0 = Debug|Any CPU
		{1260D79D-B567-4E46-9029-445F34CB6279}.Release|Any CPU.ActiveCfg = Release|Any CPU
		{1260D79D-B567-4E46-9029-445F34CB6279}.Release|Any CPU.Build.0 = Release|Any CPU
		{DC3693F8-6F36-4F12-B66E-AB15D1F6C829}.Debug|Any CPU.ActiveCfg = Debug|Any CPU
		{DC3693F8-6F36-4F12-B66E-AB15D1F6C829}.Debug|Any CPU.Build.0 = Debug|Any CPU
		{DC3693F8-6F36-4F12-B66E-AB15D1F6C829}.Release|Any CPU.ActiveCfg = Release|Any CPU
		{DC3693F8-6F36-4F12-B66E-AB15D1F6C829}.Release|Any CPU.Build.0 = Release|Any CPU
		{B30D1E07-9F11-4F1A-A250-9FFAE65D15C9}.Debug|Any CPU.ActiveCfg = Debug|Any CPU
		{B30D1E07-9F11-4F1A-A250-9FFAE65D15C9}.Debug|Any CPU.Build.0 = Debug|Any CPU
		{B30D1E07-9F11-4F1A-A250-9FFAE65D15C9}.Release|Any CPU.ActiveCfg = Release|Any CPU
		{B30D1E07-9F11-4F1A-A250-9FFAE65D15C9}.Release|Any CPU.Build.0 = Release|Any CPU
		{6DC13334-D336-4E5B-B1BE-EAE45829187E}.Debug|Any CPU.ActiveCfg = Debug|Any CPU
		{6DC13334-D336-4E5B-B1BE-EAE45829187E}.Debug|Any CPU.Build.0 = Debug|Any CPU
		{6DC13334-D336-4E5B-B1BE-EAE45829187E}.Release|Any CPU.ActiveCfg = Release|Any CPU
		{6DC13334-D336-4E5B-B1BE-EAE45829187E}.Release|Any CPU.Build.0 = Release|Any CPU
		{FD241E3E-DCC5-4CD3-9B9D-6101D63076F8}.Debug|Any CPU.ActiveCfg = Debug|Any CPU
		{FD241E3E-DCC5-4CD3-9B9D-6101D63076F8}.Debug|Any CPU.Build.0 = Debug|Any CPU
		{FD241E3E-DCC5-4CD3-9B9D-6101D63076F8}.Release|Any CPU.ActiveCfg = Release|Any CPU
		{FD241E3E-DCC5-4CD3-9B9D-6101D63076F8}.Release|Any CPU.Build.0 = Release|Any CPU
		{982E9EAA-6A39-4E85-85DC-74B2BB9E9668}.Debug|Any CPU.ActiveCfg = Debug|Any CPU
		{982E9EAA-6A39-4E85-85DC-74B2BB9E9668}.Debug|Any CPU.Build.0 = Debug|Any CPU
		{982E9EAA-6A39-4E85-85DC-74B2BB9E9668}.Release|Any CPU.ActiveCfg = Release|Any CPU
		{982E9EAA-6A39-4E85-85DC-74B2BB9E9668}.Release|Any CPU.Build.0 = Release|Any CPU
		{FF6687D9-FFB8-420E-B3C5-5C0FAD5160E3}.Debug|Any CPU.ActiveCfg = Debug|Any CPU
		{FF6687D9-FFB8-420E-B3C5-5C0FAD5160E3}.Debug|Any CPU.Build.0 = Debug|Any CPU
		{FF6687D9-FFB8-420E-B3C5-5C0FAD5160E3}.Release|Any CPU.ActiveCfg = Release|Any CPU
		{FF6687D9-FFB8-420E-B3C5-5C0FAD5160E3}.Release|Any CPU.Build.0 = Release|Any CPU
		{2FCA6209-B330-4659-8BF1-6199DE364BF5}.Debug|Any CPU.ActiveCfg = Debug|Any CPU
		{2FCA6209-B330-4659-8BF1-6199DE364BF5}.Debug|Any CPU.Build.0 = Debug|Any CPU
		{2FCA6209-B330-4659-8BF1-6199DE364BF5}.Release|Any CPU.ActiveCfg = Release|Any CPU
		{2FCA6209-B330-4659-8BF1-6199DE364BF5}.Release|Any CPU.Build.0 = Release|Any CPU
		{E8076178-8BEC-4468-BA74-10BC07D70699}.Debug|Any CPU.ActiveCfg = Debug|Any CPU
		{E8076178-8BEC-4468-BA74-10BC07D70699}.Debug|Any CPU.Build.0 = Debug|Any CPU
		{E8076178-8BEC-4468-BA74-10BC07D70699}.Release|Any CPU.ActiveCfg = Release|Any CPU
		{E8076178-8BEC-4468-BA74-10BC07D70699}.Release|Any CPU.Build.0 = Release|Any CPU
	EndGlobalSection
	GlobalSection(SolutionProperties) = preSolution
		HideSolutionNode = FALSE
	EndGlobalSection
	GlobalSection(NestedProjects) = preSolution
		{0F6CBA32-42ED-4B91-8472-863E962D32CC} = {DDC42720-4513-4883-8423-D51EC07377CE}
		{722875EC-3B34-48B6-97C8-4DFC6113231E} = {DDC42720-4513-4883-8423-D51EC07377CE}
		{9AE9703F-3340-4E99-9089-0ABD1258DDDB} = {DDC42720-4513-4883-8423-D51EC07377CE}
		{68B216CB-771D-4C73-80DE-5FBABEC0423B} = {3A075FD4-7BA0-490D-91A1-6F5A214C2033}
		{081D57EB-E1D0-4C49-856E-88E7F870B346} = {3A075FD4-7BA0-490D-91A1-6F5A214C2033}
		{FA49AACC-8D5E-4B11-9E27-FA40BFE77CBE} = {3A075FD4-7BA0-490D-91A1-6F5A214C2033}
		{71A9D609-BEDC-4A91-A504-10FE9BF22CD2} = {15901E3D-971A-469E-BA95-6D231AFCB425}
		{BDC06D16-6AD5-4C63-8493-B5F23D7D011F} = {15901E3D-971A-469E-BA95-6D231AFCB425}
		{143D62CD-86A7-4DCB-8E3C-31335CC3D0DE} = {15901E3D-971A-469E-BA95-6D231AFCB425}
		{921D5909-C4B6-4D13-8533-9F829CC00802} = {AF178ADD-B449-46FD-BB05-5DF60239B4C1}
		{03155AF2-9BE3-4A22-8610-47A7F2F5AFFD} = {AF178ADD-B449-46FD-BB05-5DF60239B4C1}
		{A21FEC0B-B290-4792-90CB-DBE6C3450370} = {AF178ADD-B449-46FD-BB05-5DF60239B4C1}
		{1260D79D-B567-4E46-9029-445F34CB6279} = {7E62D62E-695D-4A5B-90F9-A5FB7C36CC90}
		{DC3693F8-6F36-4F12-B66E-AB15D1F6C829} = {7E62D62E-695D-4A5B-90F9-A5FB7C36CC90}
		{B30D1E07-9F11-4F1A-A250-9FFAE65D15C9} = {7E62D62E-695D-4A5B-90F9-A5FB7C36CC90}
		{6DC13334-D336-4E5B-B1BE-EAE45829187E} = {BFD0854B-6878-4DC7-AFA0-A1E2013221D6}
		{FD241E3E-DCC5-4CD3-9B9D-6101D63076F8} = {BFD0854B-6878-4DC7-AFA0-A1E2013221D6}
		{982E9EAA-6A39-4E85-85DC-74B2BB9E9668} = {BFD0854B-6878-4DC7-AFA0-A1E2013221D6}
		{FF6687D9-FFB8-420E-B3C5-5C0FAD5160E3} = {8386AA6F-CA3B-4F8E-87D8-D4E43DF9D93F}
		{2FCA6209-B330-4659-8BF1-6199DE364BF5} = {8386AA6F-CA3B-4F8E-87D8-D4E43DF9D93F}
		{E8076178-8BEC-4468-BA74-10BC07D70699} = {8386AA6F-CA3B-4F8E-87D8-D4E43DF9D93F}
	EndGlobalSection
	GlobalSection(ExtensibilityGlobals) = postSolution
		SolutionGuid = {0A348ABD-EDD9-4386-946D-AC73376E9EE9}
	EndGlobalSection
EndGlobal
